
Microsoft Visual Studio Solution File, Format Version 12.00
# Visual Studio Version 16
VisualStudioVersion = 16.0.31112.23
MinimumVisualStudioVersion = 10.0.40219.1
Project("{FAE04EC0-301F-11D3-BF4B-00C04F79EFBC}") = "PKPBialystok", "PKPBialystok\PKPBialystok.csproj", "{7E9802AD-6884-4088-BB95-0A33100C988C}"
EndProject
Global
	GlobalSection(SolutionConfigurationPlatforms) = preSolution
		Debug|Any CPU = Debug|Any CPU
		Release|Any CPU = Release|Any CPU
	EndGlobalSection
	GlobalSection(ProjectConfigurationPlatforms) = postSolution
		{7E9802AD-6884-4088-BB95-0A33100C988C}.Debug|Any CPU.ActiveCfg = Debug|Any CPU
		{7E9802AD-6884-4088-BB95-0A33100C988C}.Debug|Any CPU.Build.0 = Debug|Any CPU
		{7E9802AD-6884-4088-BB95-0A33100C988C}.Release|Any CPU.ActiveCfg = Release|Any CPU
		{7E9802AD-6884-4088-BB95-0A33100C988C}.Release|Any CPU.Build.0 = Release|Any CPU
	EndGlobalSection
	GlobalSection(SolutionProperties) = preSolution
		HideSolutionNode = FALSE
	EndGlobalSection
	GlobalSection(ExtensibilityGlobals) = postSolution
		SolutionGuid = {678D681F-3D21-48D4-9658-637D0AE4587A}
	EndGlobalSection
EndGlobal
